<?xml version="1.0" encoding="utf-8"?>
<Project ToolsVersion="4.0" xmlns="http://schemas.microsoft.com/developer/msbuild/2003">
  <ItemGroup>
    <Filter Include="Source Files">
      <UniqueIdentifier>{4FC737F1-C7A5-4376-A066-2A32D752A2FF}</UniqueIdentifier>
      <Extensions>cpp;c;cc;cxx;def;odl;idl;hpj;bat;asm;asmx</Extensions>
    </Filter>
    <Filter Include="Header Files">
      <UniqueIdentifier>{93995380-89BD-4b04-88EB-625FBE52EBFB}</UniqueIdentifier>
      <Extensions>h;hh;hpp;hxx;hm;inl;inc;ipp;xsd</Extensions>
    </Filter>
    <Filter Include="Resource Files">
      <UniqueIdentifier>{67DA6AB6-F800-4c08-8B7A-83BB121AAD01}</UniqueIdentifier>
      <Extensions>rc;ico;cur;bmp;dlg;rc2;rct;bin;rgs;gif;jpg;jpeg;jpe;resx;tiff;tif;png;wav;mfcribbon-ms</Extensions>
    </Filter>
  </ItemGroup>
  <ItemGroup>
    <ClCompile Include="SMB.cpp">
      <Filter>Source Files</Filter>
    </ClCompile>
    <ClCompile Include="SMB\Characters\DefaultMeatBoy.cpp">
      <Filter>Source Files</Filter>
    </ClCompile>
    <ClCompile Include="SMB\Offsets.cpp">
      <Filter>Source Files</Filter>
    </ClCompile>
  </ItemGroup>
  <ItemGroup>
    <ClInclude Include="SMB.hpp">
      <Filter>Header Files</Filter>
    </ClInclude>
    <ClInclude Include="SMB\Sprite.hpp">
      <Filter>Header Files</Filter>
    </ClInclude>
    <ClInclude Include="SMB\SceneObject2D.hpp">
      <Filter>Header Files</Filter>
    </ClInclude>
    <ClInclude Include="SMB\ReplayManager.hpp">
      <Filter>Header Files</Filter>
    </ClInclude>
    <ClInclude Include="SMB\RenderLayerObject.hpp">
      <Filter>Header Files</Filter>
    </ClInclude>
    <ClInclude Include="SMB\LevelManager.hpp">
      <Filter>Header Files</Filter>
    </ClInclude>
    <ClInclude Include="SMB\Camera.hpp">
      <Filter>Header Files</Filter>
    </ClInclude>
    <ClInclude Include="SMB\MeatBoyCharactor.hpp">
      <Filter>Header Files</Filter>
    </ClInclude>
    <ClInclude Include="SMB\Characters.hpp">
      <Filter>Header Files</Filter>
    </ClInclude>
    <ClInclude Include="SMB\Layers.hpp">
      <Filter>Header Files</Filter>
    </ClInclude>
    <ClInclude Include="SMB\Level.hpp">
      <Filter>Header Files</Filter>
    </ClInclude>
    <ClInclude Include="SMB\Renderer.hpp">
      <Filter>Header Files</Filter>
    </ClInclude>
    <ClInclude Include="SMB\Window.hpp">
      <Filter>Header Files</Filter>
    </ClInclude>
    <ClInclude Include="SMB\GSMBMenu.hpp">
      <Filter>Header Files</Filter>
    </ClInclude>
    <ClInclude Include="SMB\GMeatHUD.hpp">
      <Filter>Header Files</Filter>
    </ClInclude>
    <ClInclude Include="SMB\GSuperMeatBoy.hpp">
      <Filter>Header Files</Filter>
    </ClInclude>
    <ClInclude Include="SMB\Characters\DefaultMeatBoy.hpp">
      <Filter>Header Files</Filter>
    </ClInclude>
    <ClInclude Include="SMB\MeatBoyDisplay.hpp">
      <Filter>Header Files</Filter>
    </ClInclude>
    <ClInclude Include="SMB\Offsets.hpp">
      <Filter>Header Files</Filter>
    </ClInclude>
  </ItemGroup>
</Project>